
Microsoft Visual Studio Solution File, Format Version 12.00
# Visual Studio Version 17
VisualStudioVersion = 17.0.31717.71
MinimumVisualStudioVersion = 10.0.40219.1
Project("{FAE04EC0-301F-11D3-BF4B-00C04F79EFBC}") = "TradingCompany", "TradingCompany\TradingCompany.csproj", "{501B0F6C-6124-4786-A4D5-88A6ED3DC00F}"
EndProject
Global
	GlobalSection(SolutionConfigurationPlatforms) = preSolution
		Debug|Any CPU = Debug|Any CPU
		Release|Any CPU = Release|Any CPU
	EndGlobalSection
	GlobalSection(ProjectConfigurationPlatforms) = postSolution
		{501B0F6C-6124-4786-A4D5-88A6ED3DC00F}.Debug|Any CPU.ActiveCfg = Debug|Any CPU
		{501B0F6C-6124-4786-A4D5-88A6ED3DC00F}.Debug|Any CPU.Build.0 = Debug|Any CPU
		{501B0F6C-6124-4786-A4D5-88A6ED3DC00F}.Release|Any CPU.ActiveCfg = Release|Any CPU
		{501B0F6C-6124-4786-A4D5-88A6ED3DC00F}.Release|Any CPU.Build.0 = Release|Any CPU
	EndGlobalSection
	GlobalSection(SolutionProperties) = preSolution
		HideSolutionNode = FALSE
	EndGlobalSection
	GlobalSection(ExtensibilityGlobals) = postSolution
		SolutionGuid = {4E4C0E97-A540-439E-92D7-E6299AD8D037}
	EndGlobalSection
EndGlobal
